
Microsoft Visual Studio Solution File, Format Version 12.00
# Visual Studio Version 17
VisualStudioVersion = 17.1.31911.260
MinimumVisualStudioVersion = 10.0.40219.1
Project("{9A19103F-16F7-4668-BE54-9A1E7A4F7556}") = "Discord.Addons.Hosting", "Discord.Addons.Hosting\Discord.Addons.Hosting.csproj", "{03ED5619-5F9E-4CC6-8B8F-7D610C3169EB}"
EndProject
Project("{9A19103F-16F7-4668-BE54-9A1E7A4F7556}") = "Sample.Serilog", "Samples\SampleBotSerilog\Sample.Serilog.csproj", "{953BE7AC-019A-463C-900D-1346A384707E}"
EndProject
Project("{9A19103F-16F7-4668-BE54-9A1E7A4F7556}") = "Sample.Simple", "Samples\SampleBotSimple\Sample.Simple.csproj", "{E65C387F-9D99-4257-A458-1F6D5A4D80F7}"
EndProject
Project("{9A19103F-16F7-4668-BE54-9A1E7A4F7556}") = "Sample.ShardedClient", "Samples\Sample.ShardedClient\Sample.ShardedClient.csproj", "{540A37B5-E304-49A4-B68E-08941C0D33F1}"
EndProject
Global
	GlobalSection(SolutionConfigurationPlatforms) = preSolution
		Debug|Any CPU = Debug|Any CPU
		Release|Any CPU = Release|Any CPU
	EndGlobalSection
	GlobalSection(ProjectConfigurationPlatforms) = postSolution
		{03ED5619-5F9E-4CC6-8B8F-7D610C3169EB}.Debug|Any CPU.ActiveCfg = Debug|Any CPU
		{03ED5619-5F9E-4CC6-8B8F-7D610C3169EB}.Debug|Any CPU.Build.0 = Debug|Any CPU
		{03ED5619-5F9E-4CC6-8B8F-7D610C3169EB}.Release|Any CPU.ActiveCfg = Release|Any CPU
		{03ED5619-5F9E-4CC6-8B8F-7D610C3169EB}.Release|Any CPU.Build.0 = Release|Any CPU
		{953BE7AC-019A-463C-900D-1346A384707E}.Debug|Any CPU.ActiveCfg = Debug|Any CPU
		{953BE7AC-019A-463C-900D-1346A384707E}.Debug|Any CPU.Build.0 = Debug|Any CPU
		{953BE7AC-019A-463C-900D-1346A384707E}.Release|Any CPU.ActiveCfg = Release|Any CPU
		{953BE7AC-019A-463C-900D-1346A384707E}.Release|Any CPU.Build.0 = Release|Any CPU
		{E65C387F-9D99-4257-A458-1F6D5A4D80F7}.Debug|Any CPU.ActiveCfg = Debug|Any CPU
		{E65C387F-9D99-4257-A458-1F6D5A4D80F7}.Debug|Any CPU.Build.0 = Debug|Any CPU
		{E65C387F-9D99-4257-A458-1F6D5A4D80F7}.Release|Any CPU.ActiveCfg = Release|Any CPU
		{E65C387F-9D99-4257-A458-1F6D5A4D80F7}.Release|Any CPU.Build.0 = Release|Any CPU
		{540A37B5-E304-49A4-B68E-08941C0D33F1}.Debug|Any CPU.ActiveCfg = Debug|Any CPU
		{540A37B5-E304-49A4-B68E-08941C0D33F1}.Debug|Any CPU.Build.0 = Debug|Any CPU
		{540A37B5-E304-49A4-B68E-08941C0D33F1}.Release|Any CPU.ActiveCfg = Release|Any CPU
		{540A37B5-E304-49A4-B68E-08941C0D33F1}.Release|Any CPU.Build.0 = Release|Any CPU
	EndGlobalSection
	GlobalSection(SolutionProperties) = preSolution
		HideSolutionNode = FALSE
	EndGlobalSection
	GlobalSection(ExtensibilityGlobals) = postSolution
		SolutionGuid = {8BDC5FEF-4CB5-4C61-9DB5-9D62B86A2ADF}
	EndGlobalSection
EndGlobal
